// !$*UTF8*$!
{
	archiveVersion = 1;
	classes = {
	};
	objectVersion = 48;
	objects = {

/* Begin PBXBuildFile section */
		51A91671203AEF9600690CC0 /* AppDelegate.swift in Sources */ = {isa = PBXBuildFile; fileRef = 51A91670203AEF9600690CC0 /* AppDelegate.swift */; };
		51A91673203AEF9600690CC0 /* ViewController.swift in Sources */ = {isa = PBXBuildFile; fileRef = 51A91672203AEF9600690CC0 /* ViewController.swift */; };
		51A91676203AEF9600690CC0 /* Main.storyboard in Resources */ = {isa = PBXBuildFile; fileRef = 51A91674203AEF9600690CC0 /* Main.storyboard */; };
		51A91678203AEF9600690CC0 /* Assets.xcassets in Resources */ = {isa = PBXBuildFile; fileRef = 51A91677203AEF9600690CC0 /* Assets.xcassets */; };
		51A9167B203AEF9600690CC0 /* LaunchScreen.storyboard in Resources */ = {isa = PBXBuildFile; fileRef = 51A91679203AEF9600690CC0 /* LaunchScreen.storyboard */; };
		51A91686203AEF9600690CC0 /* MapDemoTests.swift in Sources */ = {isa = PBXBuildFile; fileRef = 51A91685203AEF9600690CC0 /* MapDemoTests.swift */; };
		51A91691203AEF9600690CC0 /* MapDemoUITests.swift in Sources */ = {isa = PBXBuildFile; fileRef = 51A91690203AEF9600690CC0 /* MapDemoUITests.swift */; };
/* End PBXBuildFile section */

/* Begin PBXContainerItemProxy section */
		51A91682203AEF9600690CC0 /* PBXContainerItemProxy */ = {
			isa = PBXContainerItemProxy;
			containerPortal = 51A91665203AEF9600690CC0 /* Project object */;
			proxyType = 1;
			remoteGlobalIDString = 51A9166C203AEF9600690CC0;
			remoteInfo = MapDemo;
		};
		51A9168D203AEF9600690CC0 /* PBXContainerItemProxy */ = {
			isa = PBXContainerItemProxy;
			containerPortal = 51A91665203AEF9600690CC0 /* Project object */;
			proxyType = 1;
			remoteGlobalIDString = 51A9166C203AEF9600690CC0;
			remoteInfo = MapDemo;
		};
/* End PBXContainerItemProxy section */

/* Begin PBXFileReference section */
		51A9166D203AEF9600690CC0 /* MapDemo.app */ = {isa = PBXFileReference; explicitFileType = wrapper.application; includeInIndex = 0; path = MapDemo.app; sourceTree = BUILT_PRODUCTS_DIR; };
		51A91670203AEF9600690CC0 /* AppDelegate.swift */ = {isa = PBXFileReference; lastKnownFileType = sourcecode.swift; path = AppDelegate.swift; sourceTree = "<group>"; };
		51A91672203AEF9600690CC0 /* ViewController.swift */ = {isa = PBXFileReference; lastKnownFileType = sourcecode.swift; path = ViewController.swift; sourceTree = "<group>"; };
		51A91675203AEF9600690CC0 /* Base */ = {isa = PBXFileReference; lastKnownFileType = file.storyboard; name = Base; path = Base.lproj/Main.storyboard; sourceTree = "<group>"; };
		51A91677203AEF9600690CC0 /* Assets.xcassets */ = {isa = PBXFileReference; lastKnownFileType = folder.assetcatalog; path = Assets.xcassets; sourceTree = "<group>"; };
		51A9167A203AEF9600690CC0 /* Base */ = {isa = PBXFileReference; lastKnownFileType = file.storyboard; name = Base; path = Base.lproj/LaunchScreen.storyboard; sourceTree = "<group>"; };
		51A9167C203AEF9600690CC0 /* Info.plist */ = {isa = PBXFileReference; lastKnownFileType = text.plist.xml; path = Info.plist; sourceTree = "<group>"; };
		51A91681203AEF9600690CC0 /* MapDemoTests.xctest */ = {isa = PBXFileReference; explicitFileType = wrapper.cfbundle; includeInIndex = 0; path = MapDemoTests.xctest; sourceTree = BUILT_PRODUCTS_DIR; };
		51A91685203AEF9600690CC0 /* MapDemoTests.swift */ = {isa = PBXFileReference; lastKnownFileType = sourcecode.swift; path = MapDemoTests.swift; sourceTree = "<group>"; };
		51A91687203AEF9600690CC0 /* Info.plist */ = {isa = PBXFileReference; lastKnownFileType = text.plist.xml; path = Info.plist; sourceTree = "<group>"; };
		51A9168C203AEF9600690CC0 /* MapDemoUITests.xctest */ = {isa = PBXFileReference; explicitFileType = wrapper.cfbundle; includeInIndex = 0; path = MapDemoUITests.xctest; sourceTree = BUILT_PRODUCTS_DIR; };
		51A91690203AEF9600690CC0 /* MapDemoUITests.swift */ = {isa = PBXFileReference; lastKnownFileType = sourcecode.swift; path = MapDemoUITests.swift; sourceTree = "<group>"; };
		51A91692203AEF9600690CC0 /* Info.plist */ = {isa = PBXFileReference; lastKnownFileType = text.plist.xml; path = Info.plist; sourceTree = "<group>"; };
/* End PBXFileReference section */

/* Begin PBXFrameworksBuildPhase section */
		51A9166A203AEF9600690CC0 /* Frameworks */ = {
			isa = PBXFrameworksBuildPhase;
			buildActionMask = 2147483647;
			files = (
			);
			runOnlyForDeploymentPostprocessing = 0;
		};
		51A9167E203AEF9600690CC0 /* Frameworks */ = {
			isa = PBXFrameworksBuildPhase;
			buildActionMask = 2147483647;
			files = (
			);
			runOnlyForDeploymentPostprocessing = 0;
		};
		51A91689203AEF9600690CC0 /* Frameworks */ = {
			isa = PBXFrameworksBuildPhase;
			buildActionMask = 2147483647;
			files = (
			);
			runOnlyForDeploymentPostprocessing = 0;
		};
/* End PBXFrameworksBuildPhase section */

/* Begin PBXGroup section */
		51A91664203AEF9600690CC0 = {
			isa = PBXGroup;
			children = (
				51A9166F203AEF9600690CC0 /* MapDemo */,
				51A91684203AEF9600690CC0 /* MapDemoTests */,
				51A9168F203AEF9600690CC0 /* MapDemoUITests */,
				51A9166E203AEF9600690CC0 /* Products */,
			);
			sourceTree = "<group>";
		};
		51A9166E203AEF9600690CC0 /* Products */ = {
			isa = PBXGroup;
			children = (
				51A9166D203AEF9600690CC0 /* MapDemo.app */,
				51A91681203AEF9600690CC0 /* MapDemoTests.xctest */,
				51A9168C203AEF9600690CC0 /* MapDemoUITests.xctest */,
			);
			name = Products;
			sourceTree = "<group>";
		};
		51A9166F203AEF9600690CC0 /* MapDemo */ = {
			isa = PBXGroup;
			children = (
				51A91670203AEF9600690CC0 /* AppDelegate.swift */,
				51A91672203AEF9600690CC0 /* ViewController.swift */,
				51A91674203AEF9600690CC0 /* Main.storyboard */,
				51A91677203AEF9600690CC0 /* Assets.xcassets */,
				51A91679203AEF9600690CC0 /* LaunchScreen.storyboard */,
				51A9167C203AEF9600690CC0 /* Info.plist */,
			);
			path = MapDemo;
			sourceTree = "<group>";
		};
		51A91684203AEF9600690CC0 /* MapDemoTests */ = {
			isa = PBXGroup;
			children = (
				51A91685203AEF9600690CC0 /* MapDemoTests.swift */,
				51A91687203AEF9600690CC0 /* Info.plist */,
			);
			path = MapDemoTests;
			sourceTree = "<group>";
		};
		51A9168F203AEF9600690CC0 /* MapDemoUITests */ = {
			isa = PBXGroup;
			children = (
				51A91690203AEF9600690CC0 /* MapDemoUITests.swift */,
				51A91692203AEF9600690CC0 /* Info.plist */,
			);
			path = MapDemoUITests;
			sourceTree = "<group>";
		};
/* End PBXGroup section */

/* Begin PBXNativeTarget section */
		51A9166C203AEF9600690CC0 /* MapDemo */ = {
			isa = PBXNativeTarget;
			buildConfigurationList = 51A91695203AEF9600690CC0 /* Build configuration list for PBXNativeTarget "MapDemo" */;
			buildPhases = (
				51A91669203AEF9600690CC0 /* Sources */,
				51A9166A203AEF9600690CC0 /* Frameworks */,
				51A9166B203AEF9600690CC0 /* Resources */,
			);
			buildRules = (
			);
			dependencies = (
			);
			name = MapDemo;
			productName = MapDemo;
			productReference = 51A9166D203AEF9600690CC0 /* MapDemo.app */;
			productType = "com.apple.product-type.application";
		};
		51A91680203AEF9600690CC0 /* MapDemoTests */ = {
			isa = PBXNativeTarget;
			buildConfigurationList = 51A91698203AEF9600690CC0 /* Build configuration list for PBXNativeTarget "MapDemoTests" */;
			buildPhases = (
				51A9167D203AEF9600690CC0 /* Sources */,
				51A9167E203AEF9600690CC0 /* Frameworks */,
				51A9167F203AEF9600690CC0 /* Resources */,
			);
			buildRules = (
			);
			dependencies = (
				51A91683203AEF9600690CC0 /* PBXTargetDependency */,
			);
			name = MapDemoTests;
			productName = MapDemoTests;
			productReference = 51A91681203AEF9600690CC0 /* MapDemoTests.xctest */;
			productType = "com.apple.product-type.bundle.unit-test";
		};
		51A9168B203AEF9600690CC0 /* MapDemoUITests */ = {
			isa = PBXNativeTarget;
			buildConfigurationList = 51A9169B203AEF9600690CC0 /* Build configuration list for PBXNativeTarget "MapDemoUITests" */;
			buildPhases = (
				51A91688203AEF9600690CC0 /* Sources */,
				51A91689203AEF9600690CC0 /* Frameworks */,
				51A9168A203AEF9600690CC0 /* Resources */,
			);
			buildRules = (
			);
			dependencies = (
				51A9168E203AEF9600690CC0 /* PBXTargetDependency */,
			);
			name = MapDemoUITests;
			productName = MapDemoUITests;
			productReference = 51A9168C203AEF9600690CC0 /* MapDemoUITests.xctest */;
			productType = "com.apple.product-type.bundle.ui-testing";
		};
/* End PBXNativeTarget section */

/* Begin PBXProject section */
		51A91665203AEF9600690CC0 /* Project object */ = {
			isa = PBXProject;
			attributes = {
				LastSwiftUpdateCheck = 0920;
				LastUpgradeCheck = 0920;
				ORGANIZATIONNAME = "Jon Eikholm";
				TargetAttributes = {
					51A9166C203AEF9600690CC0 = {
						CreatedOnToolsVersion = 9.2;
						ProvisioningStyle = Automatic;
					};
					51A91680203AEF9600690CC0 = {
						CreatedOnToolsVersion = 9.2;
						ProvisioningStyle = Automatic;
						TestTargetID = 51A9166C203AEF9600690CC0;
					};
					51A9168B203AEF9600690CC0 = {
						CreatedOnToolsVersion = 9.2;
						ProvisioningStyle = Automatic;
						TestTargetID = 51A9166C203AEF9600690CC0;
					};
				};
			};
			buildConfigurationList = 51A91668203AEF9600690CC0 /* Build configuration list for PBXProject "MapDemo" */;
			compatibilityVersion = "Xcode 8.0";
			developmentRegion = en;
			hasScannedForEncodings = 0;
			knownRegions = (
				en,
				Base,
			);
			mainGroup = 51A91664203AEF9600690CC0;
			productRefGroup = 51A9166E203AEF9600690CC0 /* Products */;
			projectDirPath = "";
			projectRoot = "";
			targets = (
				51A9166C203AEF9600690CC0 /* MapDemo */,
				51A91680203AEF9600690CC0 /* MapDemoTests */,
				51A9168B203AEF9600690CC0 /* MapDemoUITests */,
			);
		};
/* End PBXProject section */

/* Begin PBXResourcesBuildPhase section */
		51A9166B203AEF9600690CC0 /* Resources */ = {
			isa = PBXResourcesBuildPhase;
			buildActionMask = 2147483647;
			files = (
				51A9167B203AEF9600690CC0 /* LaunchScreen.storyboard in Resources */,
				51A91678203AEF9600690CC0 /* Assets.xcassets in Resources */,
				51A91676203AEF9600690CC0 /* Main.storyboard in Resources */,
			);
			runOnlyForDeploymentPostprocessing = 0;
		};
		51A9167F203AEF9600690CC0 /* Resources */ = {
			isa = PBXResourcesBuildPhase;
			buildActionMask = 2147483647;
			files = (
			);
			runOnlyForDeploymentPostprocessing = 0;
		};
		51A9168A203AEF9600690CC0 /* Resources */ = {
			isa = PBXResourcesBuildPhase;
			buildActionMask = 2147483647;
			files = (
			);
			runOnlyForDeploymentPostprocessing = 0;
		};
/* End PBXResourcesBuildPhase section */

/* Begin PBXSourcesBuildPhase section */
		51A91669203AEF9600690CC0 /* Sources */ = {
			isa = PBXSourcesBuildPhase;
			buildActionMask = 2147483647;
			files = (
				51A91673203AEF9600690CC0 /* ViewController.swift in Sources */,
				51A91671203AEF9600690CC0 /* AppDelegate.swift in Sources */,
			);
			runOnlyForDeploymentPostprocessing = 0;
		};
		51A9167D203AEF9600690CC0 /* Sources */ = {
			isa = PBXSourcesBuildPhase;
			buildActionMask = 2147483647;
			files = (
				51A91686203AEF9600690CC0 /* MapDemoTests.swift in Sources */,
			);
			runOnlyForDeploymentPostprocessing = 0;
		};
		51A91688203AEF9600690CC0 /* Sources */ = {
			isa = PBXSourcesBuildPhase;
			buildActionMask = 2147483647;
			files = (
				51A91691203AEF9600690CC0 /* MapDemoUITests.swift in Sources */,
			);
			runOnlyForDeploymentPostprocessing = 0;
		};
/* End PBXSourcesBuildPhase section */

/* Begin PBXTargetDependency section */
		51A91683203AEF9600690CC0 /* PBXTargetDependency */ = {
			isa = PBXTargetDependency;
			target = 51A9166C203AEF9600690CC0 /* MapDemo */;
			targetProxy = 51A91682203AEF9600690CC0 /* PBXContainerItemProxy */;
		};
		51A9168E203AEF9600690CC0 /* PBXTargetDependency */ = {
			isa = PBXTargetDependency;
			target = 51A9166C203AEF9600690CC0 /* MapDemo */;
			targetProxy = 51A9168D203AEF9600690CC0 /* PBXContainerItemProxy */;
		};
/* End PBXTargetDependency section */

/* Begin PBXVariantGroup section */
		51A91674203AEF9600690CC0 /* Main.storyboard */ = {
			isa = PBXVariantGroup;
			children = (
				51A91675203AEF9600690CC0 /* Base */,
			);
			name = Main.storyboard;
			sourceTree = "<group>";
		};
		51A91679203AEF9600690CC0 /* LaunchScreen.storyboard */ = {
			isa = PBXVariantGroup;
			children = (
				51A9167A203AEF9600690CC0 /* Base */,
			);
			name = LaunchScreen.storyboard;
			sourceTree = "<group>";
		};
/* End PBXVariantGroup section */

/* Begin XCBuildConfiguration section */
		51A91693203AEF9600690CC0 /* Debug */ = {
			isa = XCBuildConfiguration;
			buildSettings = {
				ALWAYS_SEARCH_USER_PATHS = NO;
				CLANG_ANALYZER_NONNULL = YES;
				CLANG_ANALYZER_NUMBER_OBJECT_CONVERSION = YES_AGGRESSIVE;
				CLANG_CXX_LANGUAGE_STANDARD = "gnu++14";
				CLANG_CXX_LIBRARY = "libc++";
				CLANG_ENABLE_MODULES = YES;
				CLANG_ENABLE_OBJC_ARC = YES;
				CLANG_WARN_BLOCK_CAPTURE_AUTORELEASING = YES;
				CLANG_WARN_BOOL_CONVERSION = YES;
				CLANG_WARN_COMMA = YES;
				CLANG_WARN_CONSTANT_CONVERSION = YES;
				CLANG_WARN_DIRECT_OBJC_ISA_USAGE = YES_ERROR;
				CLANG_WARN_DOCUMENTATION_COMMENTS = YES;
				CLANG_WARN_EMPTY_BODY = YES;
				CLANG_WARN_ENUM_CONVERSION = YES;
				CLANG_WARN_INFINITE_RECURSION = YES;
				CLANG_WARN_INT_CONVERSION = YES;
				CLANG_WARN_NON_LITERAL_NULL_CONVERSION = YES;
				CLANG_WARN_OBJC_LITERAL_CONVERSION = YES;
				CLANG_WARN_OBJC_ROOT_CLASS = YES_ERROR;
				CLANG_WARN_RANGE_LOOP_ANALYSIS = YES;
				CLANG_WARN_STRICT_PROTOTYPES = YES;
				CLANG_WARN_SUSPICIOUS_MOVE = YES;
				CLANG_WARN_UNGUARDED_AVAILABILITY = YES_AGGRESSIVE;
				CLANG_WARN_UNREACHABLE_CODE = YES;
				CLANG_WARN__DUPLICATE_METHOD_MATCH = YES;
				CODE_SIGN_IDENTITY = "iPhone Developer";
				COPY_PHASE_STRIP = NO;
				DEBUG_INFORMATION_FORMAT = dwarf;
				ENABLE_STRICT_OBJC_MSGSEND = YES;
				ENABLE_TESTABILITY = YES;
				GCC_C_LANGUAGE_STANDARD = gnu11;
				GCC_DYNAMIC_NO_PIC = NO;
				GCC_NO_COMMON_BLOCKS = YES;
				GCC_OPTIMIZATION_LEVEL = 0;
				GCC_PREPROCESSOR_DEFINITIONS = (
					"DEBUG=1",
					"$(inherited)",
				);
				GCC_WARN_64_TO_32_BIT_CONVERSION = YES;
				GCC_WARN_ABOUT_RETURN_TYPE = YES_ERROR;
				GCC_WARN_UNDECLARED_SELECTOR = YES;
				GCC_WARN_UNINITIALIZED_AUTOS = YES_AGGRESSIVE;
				GCC_WARN_UNUSED_FUNCTION = YES;
				GCC_WARN_UNUSED_VARIABLE = YES;
				IPHONEOS_DEPLOYMENT_TARGET = 11.2;
				MTL_ENABLE_DEBUG_INFO = YES;
				ONLY_ACTIVE_ARCH = YES;
				SDKROOT = iphoneos;
				SWIFT_ACTIVE_COMPILATION_CONDITIONS = DEBUG;
				SWIFT_OPTIMIZATION_LEVEL = "-Onone";
			};
			name = Debug;
		};
		51A91694203AEF9600690CC0 /* Release */ = {
			isa = XCBuildConfiguration;
			buildSettings = {
				ALWAYS_SEARCH_USER_PATHS = NO;
				CLANG_ANALYZER_NONNULL = YES;
				CLANG_ANALYZER_NUMBER_OBJECT_CONVERSION = YES_AGGRESSIVE;
				CLANG_CXX_LANGUAGE_STANDARD = "gnu++14";
				CLANG_CXX_LIBRARY = "libc++";
				CLANG_ENABLE_MODULES = YES;
				CLANG_ENABLE_OBJC_ARC = YES;
				CLANG_WARN_BLOCK_CAPTURE_AUTORELEASING = YES;
				CLANG_WARN_BOOL_CONVERSION = YES;
				CLANG_WARN_COMMA = YES;
				CLANG_WARN_CONSTANT_CONVERSION = YES;
				CLANG_WARN_DIRECT_OBJC_ISA_USAGE = YES_ERROR;
				CLANG_WARN_DOCUMENTATION_COMMENTS = YES;
				CLANG_WARN_EMPTY_BODY = YES;
				CLANG_WARN_ENUM_CONVERSION = YES;
				CLANG_WARN_INFINITE_RECURSION = YES;
				CLANG_WARN_INT_CONVERSION = YES;
				CLANG_WARN_NON_LITERAL_NULL_CONVERSION = YES;
				CLANG_WARN_OBJC_LITERAL_CONVERSION = YES;
				CLANG_WARN_OBJC_ROOT_CLASS = YES_ERROR;
				CLANG_WARN_RANGE_LOOP_ANALYSIS = YES;
				CLANG_WARN_STRICT_PROTOTYPES = YES;
				CLANG_WARN_SUSPICIOUS_MOVE = YES;
				CLANG_WARN_UNGUARDED_AVAILABILITY = YES_AGGRESSIVE;
				CLANG_WARN_UNREACHABLE_CODE = YES;
				CLANG_WARN__DUPLICATE_METHOD_MATCH = YES;
				CODE_SIGN_IDENTITY = "iPhone Developer";
				COPY_PHASE_STRIP = NO;
				DEBUG_INFORMATION_FORMAT = "dwarf-with-dsym";
				ENABLE_NS_ASSERTIONS = NO;
				ENABLE_STRICT_OBJC_MSGSEND = YES;
				GCC_C_LANGUAGE_STANDARD = gnu11;
				GCC_NO_COMMON_BLOCKS = YES;
				GCC_WARN_64_TO_32_BIT_CONVERSION = YES;
				GCC_WARN_ABOUT_RETURN_TYPE = YES_ERROR;
				GCC_WARN_UNDECLARED_SELECTOR = YES;
				GCC_WARN_UNINITIALIZED_AUTOS = YES_AGGRESSIVE;
				GCC_WARN_UNUSED_FUNCTION = YES;
				GCC_WARN_UNUSED_VARIABLE = YES;
				IPHONEOS_DEPLOYMENT_TARGET = 11.2;
				MTL_ENABLE_DEBUG_INFO = NO;
				SDKROOT = iphoneos;
				SWIFT_OPTIMIZATION_LEVEL = "-Owholemodule";
				VALIDATE_PRODUCT = YES;
			};
			name = Release;
		};
		51A91696203AEF9600690CC0 /* Debug */ = {
			isa = XCBuildConfiguration;
			buildSettings = {
				ASSETCATALOG_COMPILER_APPICON_NAME = AppIcon;
				CODE_SIGN_STYLE = Automatic;
				DEVELOPMENT_TEAM = 4JLUJ8SU2K;
				INFOPLIST_FILE = MapDemo/Info.plist;
				LD_RUNPATH_SEARCH_PATHS = "$(inherited) @executable_path/Frameworks";
				PRODUCT_BUNDLE_IDENTIFIER = com.eikholm.MapDemo;
				PRODUCT_NAME = "$(TARGET_NAME)";
				SWIFT_VERSION = 4.0;
				TARGETED_DEVICE_FAMILY = "1,2";
			};
			name = Debug;
		};
		51A91697203AEF9600690CC0 /* Release */ = {
			isa = XCBuildConfiguration;
			buildSettings = {
				ASSETCATALOG_COMPILER_APPICON_NAME = AppIcon;
				CODE_SIGN_STYLE = Automatic;
				DEVELOPMENT_TEAM = 4JLUJ8SU2K;
				INFOPLIST_FILE = MapDemo/Info.plist;
				LD_RUNPATH_SEARCH_PATHS = "$(inherited) @executable_path/Frameworks";
				PRODUCT_BUNDLE_IDENTIFIER = com.eikholm.MapDemo;
				PRODUCT_NAME = "$(TARGET_NAME)";
				SWIFT_VERSION = 4.0;
				TARGETED_DEVICE_FAMILY = "1,2";
			};
			name = Release;
		};
		51A91699203AEF9600690CC0 /* Debug */ = {
			isa = XCBuildConfiguration;
			buildSettings = {
				ALWAYS_EMBED_SWIFT_STANDARD_LIBRARIES = YES;
				BUNDLE_LOADER = "$(TEST_HOST)";
				CODE_SIGN_STYLE = Automatic;
				DEVELOPMENT_TEAM = 4JLUJ8SU2K;
				INFOPLIST_FILE = MapDemoTests/Info.plist;
				LD_RUNPATH_SEARCH_PATHS = "$(inherited) @executable_path/Frameworks @loader_path/Frameworks";
				PRODUCT_BUNDLE_IDENTIFIER = com.eikholm.MapDemoTests;
				PRODUCT_NAME = "$(TARGET_NAME)";
				SWIFT_VERSION = 4.0;
				TARGETED_DEVICE_FAMILY = "1,2";
				TEST_HOST = "$(BUILT_PRODUCTS_DIR)/MapDemo.app/MapDemo";
			};
			name = Debug;
		};
		51A9169A203AEF9600690CC0 /* Release */ = {
			isa = XCBuildConfiguration;
			buildSettings = {
				ALWAYS_EMBED_SWIFT_STANDARD_LIBRARIES = YES;
				BUNDLE_LOADER = "$(TEST_HOST)";
				CODE_SIGN_STYLE = Automatic;
				DEVELOPMENT_TEAM = 4JLUJ8SU2K;
				INFOPLIST_FILE = MapDemoTests/Info.plist;
				LD_RUNPATH_SEARCH_PATHS = "$(inherited) @executable_path/Frameworks @loader_path/Frameworks";
				PRODUCT_BUNDLE_IDENTIFIER = com.eikholm.MapDemoTests;
				PRODUCT_NAME = "$(TARGET_NAME)";
				SWIFT_VERSION = 4.0;
				TARGETED_DEVICE_FAMILY = "1,2";
				TEST_HOST = "$(BUILT_PRODUCTS_DIR)/MapDemo.app/MapDemo";
			};
			name = Release;
		};
		51A9169C203AEF9600690CC0 /* Debug */ = {
			isa = XCBuildConfiguration;
			buildSettings = {
				ALWAYS_EMBED_SWIFT_STANDARD_LIBRARIES = YES;
				CODE_SIGN_STYLE = Automatic;
				DEVELOPMENT_TEAM = 4JLUJ8SU2K;
				INFOPLIST_FILE = MapDemoUITests/Info.plist;
				LD_RUNPATH_SEARCH_PATHS = "$(inherited) @executable_path/Frameworks @loader_path/Frameworks";
				PRODUCT_BUNDLE_IDENTIFIER = com.eikholm.MapDemoUITests;
				PRODUCT_NAME = "$(TARGET_NAME)";
				SWIFT_VERSION = 4.0;
				TARGETED_DEVICE_FAMILY = "1,2";
				TEST_TARGET_NAME = MapDemo;
			};
			name = Debug;
		};
		51A9169D203AEF9600690CC0 /* Release */ = {
			isa = XCBuildConfiguration;
			buildSettings = {
				ALWAYS_EMBED_SWIFT_STANDARD_LIBRARIES = YES;
				CODE_SIGN_STYLE = Automatic;
				DEVELOPMENT_TEAM = 4JLUJ8SU2K;
				INFOPLIST_FILE = MapDemoUITests/Info.plist;
				LD_RUNPATH_SEARCH_PATHS = "$(inherited) @executable_path/Frameworks @loader_path/Frameworks";
				PRODUCT_BUNDLE_IDENTIFIER = com.eikholm.MapDemoUITests;
				PRODUCT_NAME = "$(TARGET_NAME)";
				SWIFT_VERSION = 4.0;
				TARGETED_DEVICE_FAMILY = "1,2";
				TEST_TARGET_NAME = MapDemo;
			};
			name = Release;
		};
/* End XCBuildConfiguration section */

/* Begin XCConfigurationList section */
		51A91668203AEF9600690CC0 /* Build configuration list for PBXProject "MapDemo" */ = {
			isa = XCConfigurationList;
			buildConfigurations = (
				51A91693203AEF9600690CC0 /* Debug */,
				51A91694203AEF9600690CC0 /* Release */,
			);
			defaultConfigurationIsVisible = 0;
			defaultConfigurationName = Release;
		};
		51A91695203AEF9600690CC0 /* Build configuration list for PBXNativeTarget "MapDemo" */ = {
			isa = XCConfigurationList;
			buildConfigurations = (
				51A91696203AEF9600690CC0 /* Debug */,
				51A91697203AEF9600690CC0 /* Release */,
			);
			defaultConfigurationIsVisible = 0;
			defaultConfigurationName = Release;
		};
		51A91698203AEF9600690CC0 /* Build configuration list for PBXNativeTarget "MapDemoTests" */ = {
			isa = XCConfigurationList;
			buildConfigurations = (
				51A91699203AEF9600690CC0 /* Debug */,
				51A9169A203AEF9600690CC0 /* Release */,
			);
			defaultConfigurationIsVisible = 0;
			defaultConfigurationName = Release;
		};
		51A9169B203AEF9600690CC0 /* Build configuration list for PBXNativeTarget "MapDemoUITests" */ = {
			isa = XCConfigurationList;
			buildConfigurations = (
				51A9169C203AEF9600690CC0 /* Debug */,
				51A9169D203AEF9600690CC0 /* Release */,
			);
			defaultConfigurationIsVisible = 0;
			defaultConfigurationName = Release;
		};
/* End XCConfigurationList section */
	};
	rootObject = 51A91665203AEF9600690CC0 /* Project object */;
}
